{
    "_meta": {
        "hash": {
            "sha256": "6a142eafbddd73ac9c3640694f06ee5f065fcaa2303c46dcb2aeccefcdaff099"
        },
        "pipfile-spec": 6,
        "requires": {},
        "sources": [
            {
                "name": "pypi",
                "url": "https://pypi.python.org/simple",
                "verify_ssl": true
            }
        ]
    },
    "default": {
        "adal": {
            "hashes": [
                "sha256:2ae7e02cea4552349fed6d8c9912da400f7e643fc30098defe0dcd01945e7c54",
                "sha256:a74ff45b88db18d3d3d0c50d0d2d6d411866648f457bef4be714ba0b8e30d515"
            ],
            "version": "==1.2.3"
        },
        "applicationinsights": {
            "hashes": [
                "sha256:30a11aafacea34f8b160fbdc35254c9029c7e325267874e3c68f6bdbcd6ed2c3",
                "sha256:b88bc5a41385d8e516489128d5e63f8c52efe597a3579b1718d1ab2f7cf150a2"
            ],
            "version": "==0.11.9"
        },
        "argcomplete": {
            "hashes": [
                "sha256:5ae7b601be17bf38a749ec06aa07fb04e7b6b5fc17906948dc1866e7facf3740",
                "sha256:890bdd1fcbb973ed73db241763e78b6d958580e588c2910b508c770a59ef37d7"
            ],
            "version": "==1.11.1"
        },
        "azure": {
            "hashes": [
                "sha256:4380c1ef6ad34f9ecf41a84b8f24f56804825cff7ce43c4fded0fb75ff90b396",
                "sha256:9ff83419086776dcca4342b5a1b7338304308fb45b2a3d7b5f445d6da4feb055"
            ],
            "index": "pypi",
            "version": "==3.0.0"
        },
        "azure-batch": {
            "hashes": [
                "sha256:017be21a9e6db92473d2e33170d5dd445596fc70d706f73552ac9c6b57a6ef1c",
                "sha256:cd71c7ebb5beab174b6225bbf79ae18d6db0c8d63227a7e514da0a75f138364c"
            ],
            "version": "==4.1.3"
        },
        "azure-cli-core": {
            "hashes": [
                "sha256:023b16539f2f31f9b9edd1ca84bafedb147f13c75ac3bbe95db36569fed70778",
                "sha256:1fb36baab0ba469976beaa60a2c80b72b952fed3196eafd1e5395caea98755d0"
            ],
            "index": "pypi",
            "version": "==2.0.37"
        },
        "azure-cli-nspkg": {
            "hashes": [
                "sha256:1bde56090f548c6435bd3093995cf88e4c445fb040604df8b5b5f70780d79181",
                "sha256:34ff69dfed9180aa945bca2c0b7e5603d84e92b28c531efe4beae51a7230791d",
                "sha256:9a1e4f3197183470e4afecfdd45c92320f6753555b06a70651f89972332ffaf6"
            ],
            "version": "==3.0.4"
        },
        "azure-common": {
            "hashes": [
                "sha256:ce0f1013e6d0e9faebaf3188cc069f4892fc60a6ec552e3f817c1a2f92835054",
                "sha256:fd02e4256dc9cdd2d4422bc795bdca2ef302f7a86148b154fbf4ea1f09da400a"
            ],
            "version": "==1.1.25"
        },
        "azure-cosmosdb-nspkg": {
            "hashes": [
                "sha256:5d83961922812ffb6e23f7321550b2916abbd7480ec5b4a798417c4a682ff5e9",
                "sha256:acf691e692818d9a65c653c7a3485eb8e35c0bdc496bba652e5ea3905ba09cd8"
            ],
            "version": "==2.0.2"
        },
        "azure-cosmosdb-table": {
            "hashes": [
                "sha256:5f061d2ab8dcf2f0b4e965d5976e7b7aeb1247ea896911f0e1d29092aaaa29c7",
                "sha256:ee525233d6c8c016526593bf28f8a374275cfe204a00c41134b83a1736f7b5f7"
            ],
            "version": "==1.0.6"
        },
        "azure-datalake-store": {
            "hashes": [
                "sha256:b35108939f9ac4b6bc568e9b735e3e38a5fdabe00065073b5e48659929d536d1",
                "sha256:d27c335783d4add00b3a5f709341e4a8009857440209e15a739a9a96b52386f7"
            ],
            "version": "==0.0.48"
        },
        "azure-eventgrid": {
            "hashes": [
                "sha256:33816fa4912786ea55ca610837685f23e2de8d1b1968cef917ba0a64a8c92b4a",
                "sha256:626f1778dcaaea947fb933f651eb15cb7dc8fab20a97fd97287853755cda7c7b"
            ],
            "version": "==0.1.0"
        },
        "azure-graphrbac": {
            "hashes": [
                "sha256:825b397665f478fab511e521f3f3f4b64189cb9f6c2e7e873b3b7333dc533974",
                "sha256:f94b97bdcf774878fe2f8b8c46a5d6550a4ed891350ed0730c1561a24d488ee2"
            ],
            "version": "==0.40.0"
        },
        "azure-keyvault": {
            "hashes": [
                "sha256:549fafb04e1a3af1fdc94ccde05d59180d637ff6485784f716e7ddb30e6dd0ff",
                "sha256:b37173a7ac45d1fd5e7a77599e09b38365731fefa18b80b75cd24e676389a7af"
            ],
            "version": "==0.3.7"
        },
        "azure-mgmt": {
            "hashes": [
                "sha256:c027defac273731a3cebba6dbda560b965f4dbc47b7b16b73cce5fa98a3ba4de",
                "sha256:cbb755cf7237b35ad9d97f0f51a5b5402e037887c681ec43580d7878f350e4d8"
            ],
            "version": "==2.0.0"
        },
        "azure-mgmt-advisor": {
            "hashes": [
                "sha256:8fdcb41f760a216e6b835eaec11dba61822777b386139d83eee31f0ff63b05da",
                "sha256:9d166cc9868971d03ec852e900fa1f1b95d8829233eff2b1baf702bd34b9887b"
            ],
            "version": "==1.0.1"
        },
        "azure-mgmt-applicationinsights": {
            "hashes": [
                "sha256:929c30559692c77d424ca36f11e98f066c98e7eb7b742c44beadc082715f19df",
                "sha256:f10229eb9e3e9d0ad20188b8d14d67055e86f3815b43b75eedf96b654bee2a9b"
            ],
            "version": "==0.1.1"
        },
        "azure-mgmt-authorization": {
            "hashes": [
                "sha256:4b9576f0787a7b4dec298a641fd4507a9a6e735bdc366c73eb1112e2df2bb588",
                "sha256:ff965fe74916974a51e834615b7204f494a1bad42ad8d43874bd879855554466"
            ],
            "version": "==0.30.0"
        },
        "azure-mgmt-batch": {
            "hashes": [
                "sha256:6e375ecdd5966ee9ee45b29c90a806388c27ceacc2cbd6dd406ff311b5d7da72",
                "sha256:d942e225180d07aae07a43e489ae0acbacd92651be3a019f4eb330a587028161"
            ],
            "version": "==5.0.1"
        },
        "azure-mgmt-batchai": {
            "hashes": [
                "sha256:35bda8468cedd0da03841789d96386f2d06d3789e53df72d9b620ac44e6b6f80",
                "sha256:9103f32e44fb4eebdafbe3074336341ff874424ed94d8756e27dff11b9fed29f"
            ],
            "version": "==0.2.0"
        },
        "azure-mgmt-billing": {
            "hashes": [
                "sha256:56a4365ac272f0221f79396aaabb2217f5b5eb970d28f3d80f83efc5a9481532",
                "sha256:6b90bf078ac5da9480540268e4970573bdde11bbd7187cd970c08ee526c3e585"
            ],
            "version": "==0.1.0"
        },
        "azure-mgmt-cdn": {
            "hashes": [
                "sha256:20511d92258fb323976cd2d5ea67dbddd4c9b5e995e8d05b4a5c6a548e396827",
                "sha256:57e5a78443e65c4ed7bfb9152efd593b87bcc66f0404eb822a63b059a099963b"
            ],
            "version": "==2.0.0"
        },
        "azure-mgmt-cognitiveservices": {
            "hashes": [
                "sha256:bd4e1dcfbaa7b6dce5c236196f2cff0f3a92d7246e60eba888b03137f4fafa87",
                "sha256:f18eb28e4ecf8a02044565e2362234e51bdbbf1aa210d21d70f3b9672c259a46"
            ],
            "version": "==2.0.0"
        },
        "azure-mgmt-commerce": {
            "hashes": [
                "sha256:c48e84ed322fa9ddbc2d7fcca754c5e97171919be94f510bd2579cf5666684c3",
                "sha256:ddcd403bcaf6b7de2cbf1bc249b7db452b35dc1f0503f940368efc722dc0bc90"
            ],
            "version": "==1.0.1"
        },
        "azure-mgmt-compute": {
            "hashes": [
                "sha256:570ec20e439f114dd5c77a18bed10f782df4bb4ae0c0cdef866595a1a5b5237e",
                "sha256:7a28dbef42c4cfe70d9b3a9e9371668f0f448d343136ce98095b503a3085d854"
            ],
            "version": "==3.0.1"
        },
        "azure-mgmt-consumption": {
            "hashes": [
                "sha256:36ea28bb2ed4bec7e4d643444085ba4debed20a01fbd87f599896a4bda3318bd",
                "sha256:9a85a89f30f224d261749be20b4616a0eb8948586f7f0f20573b8ea32f265189"
            ],
            "version": "==2.0.0"
        },
        "azure-mgmt-containerinstance": {
            "hashes": [
                "sha256:3dad1d75a1d210eb001d67e7edc9dbee6f0a965ca928c6632e64243a1e6dfeb5",
                "sha256:617fdfd92ed48014666822a4ccf1f806f2dfa1ce5d1f3d88aca2bde264800e0d"
            ],
            "version": "==0.3.1"
        },
        "azure-mgmt-containerregistry": {
            "hashes": [
                "sha256:116207ea3a99d2525d81f4b8e733c98612aca8a97f35476984140f40f650d905",
                "sha256:12589d5aeba82fdd4bd58cc7676560b31b73c818f59358ce6f598c28b905843a"
            ],
            "version": "==1.0.1"
        },
        "azure-mgmt-containerservice": {
            "hashes": [
                "sha256:84221512228304b75cf67c8331b8af394924acecf30aff23e41564a88d1a2356",
                "sha256:cabf729e503a47c76d31033928c9769ba5a6f1dbf73afa42436adb7226ce4e76"
            ],
            "version": "==3.0.1"
        },
        "azure-mgmt-cosmosdb": {
            "hashes": [
                "sha256:65911bd31d40197a5b5631b5327034bff7cc6bc3f9b1001be0e6abf11f535182",
                "sha256:8f0c399a3c91f218b027e65326ed7eb1c05681ef7f793380f7299866a8ea9725"
            ],
            "version": "==0.3.1"
        },
        "azure-mgmt-datafactory": {
            "hashes": [
                "sha256:b1b79e62a279c65493ff61dc45e04d06e595b1ba1991c817dab9a139f06a8972",
                "sha256:bd991036df940bf56381fc0d46ddb10fbb0ded248405bd0ba612971cdcff94ae"
            ],
            "version": "==0.4.0"
        },
        "azure-mgmt-datalake-analytics": {
            "hashes": [
                "sha256:3db9e722314d972e4976f5b8e4bae17b291b10768646b3749c314c95c281bb5f",
                "sha256:7b5ed7a7ceaf6de8ce594b1b6474754a07cfcbfb06d613c09b1e539d4f62483a"
            ],
            "version": "==0.3.0"
        },
        "azure-mgmt-datalake-nspkg": {
            "hashes": [
                "sha256:2ac6fa13c55b87112199c5fb03a3098cefebed5f44ac34ab3d39b399951b22c4",
                "sha256:3b9e2843f5d0fd6015bba13040dfc2f5fe9bc7b02c9d91dd578e8fe852d1b2dd",
                "sha256:deb192ba422f8b3ec272ce4e88736796f216f28ea5b03f28331d784b7a3f4880"
            ],
            "version": "==3.0.1"
        },
        "azure-mgmt-datalake-store": {
            "hashes": [
                "sha256:51bed16a00b2b648a33d7deb111a38903bb5c7d3fad317647f6110bd56b78af9",
                "sha256:d3bdd3071632574d52a423be86a4e24bb1302b1415061d16d8d0ea83edf97d17"
            ],
            "version": "==0.3.0"
        },
        "azure-mgmt-devtestlabs": {
            "hashes": [
                "sha256:7e91bb139b59cfaf1c1b2b0e3e21f091768c658c1879797757dedc6312f00c8c",
                "sha256:d416a6d0883b0d33a63c524db6455ee90a01a72a9d8757653e446bf4d3f69796"
            ],
            "version": "==2.2.0"
        },
        "azure-mgmt-dns": {
            "hashes": [
                "sha256:676cdcd2b83bd4b24782047ec4395657103ea89dacdcf824cf9ed8eb5584d1bf",
                "sha256:b31be581d6f72d8469a72ed2999e1a8e1cd3d7a285ac70d388b4d4f6d240a714"
            ],
            "version": "==1.2.0"
        },
        "azure-mgmt-eventgrid": {
            "hashes": [
                "sha256:646622d17919b6d74483b735491ab8bb7a6fc7cd1da9a56dfdf17fc73e54fd00",
                "sha256:cf22195fe453627e20d81695a14e3c7b9329790763b65243be55d66964c789ac"
            ],
            "version": "==0.4.0"
        },
        "azure-mgmt-eventhub": {
            "hashes": [
                "sha256:30a316ccd7a91fbf397a3df2648ae7dfa218566177f85ed65450a13698f77215",
                "sha256:52eeff25f0e23c060c5f7ffb3cb3dc81988f0e72992eee9f1a3d2ff840a759f4"
            ],
            "version": "==1.2.0"
        },
        "azure-mgmt-hanaonazure": {
            "hashes": [
                "sha256:9fe4dc0adeb772d13918e1d6126d83c7770b762f358487504c5f082f542d0189",
                "sha256:aec953c54809d0cc2f61f24d4d62a97f02c466bdc7906fd66f30120becf0c3df"
            ],
            "version": "==0.1.1"
        },
        "azure-mgmt-iothub": {
            "hashes": [
                "sha256:65ff5bf8cc6096ab468ba444d64b501366218af15f937f0ce14173fadbc1653d",
                "sha256:dd9e2da49098a127080c5279d71c4644155c3d2ba4bf2de2f9f0ca2c5efd53f8"
            ],
            "version": "==0.4.0"
        },
        "azure-mgmt-iothubprovisioningservices": {
            "hashes": [
                "sha256:afc226a76477e9f881979cd5376533a0fdc276b3e9540c3620ada65ef0187bd2",
                "sha256:d3a5aa30ad4b24e1bc94219d7811de4ea667efd968d65084256dd2860831979e"
            ],
            "version": "==0.1.0"
        },
        "azure-mgmt-keyvault": {
            "hashes": [
                "sha256:bd7fff997ce52fd06e0992ff5d4606450e4173e77d6feade7e8b145fe049dcee",
                "sha256:fb7facbcdc9157f7fb83abb41032f257a6013a02205d7c0327b56779ca20fd30"
            ],
            "version": "==0.40.0"
        },
        "azure-mgmt-loganalytics": {
            "hashes": [
                "sha256:0b4e92becb60f3c4d8cb4243ba8f8e285f5593c6c0d05781420f62968f2f9660",
                "sha256:969a22ab28814d86c74a402e6827741e19c5dc7c0c807307cd374a4cafd6276c"
            ],
            "version": "==0.1.0"
        },
        "azure-mgmt-logic": {
            "hashes": [
                "sha256:a64ced3e50a566f60c8e0fc7c697a3db58a88e62583b2dec0d79f570b8efcdea",
                "sha256:f1936dc59977a045fe4ea87ee412b8178f8a368911569e6b36373157ae1f6bf8"
            ],
            "version": "==2.1.0"
        },
        "azure-mgmt-machinelearningcompute": {
            "hashes": [
                "sha256:4995ba9ee392eb4f5579e93dba9187b67007187e7fd022d6b417ec56e6761a6b",
                "sha256:7a52f85591114ef33a599dabbef840d872b7f599b7823e596af9490ec51b873f"
            ],
            "version": "==0.4.1"
        },
        "azure-mgmt-managementpartner": {
            "hashes": [
                "sha256:27a265cd1ec0fac022fb2f6024b16bffbe378c7a829d6f446c4ab8d94eaf6caf",
                "sha256:ae4ae9f50d00e51bc92408f81a152571305ccbc44ce462c166bca07950474e6d"
            ],
            "version": "==0.1.1"
        },
        "azure-mgmt-marketplaceordering": {
            "hashes": [
                "sha256:6da12425cbab0cc62f246e7266b4d67aff6bdd031ecbe50c7542c2f2b2440ad4",
                "sha256:fb7a21f4a4a4b8d32bae600614f047a17993111374c9567ac11f241ada61d69f"
            ],
            "version": "==0.1.0"
        },
        "azure-mgmt-media": {
            "hashes": [
                "sha256:656181ee580ff9a6e15cdd5db16e9adfc98b6f39c5108181c36a7ec825fccb87",
                "sha256:75de6bfe55c20220b9db4949af4fd226f38a2580f6d8eab1a2575a38d150fa1a"
            ],
            "version": "==0.2.0"
        },
        "azure-mgmt-monitor": {
            "hashes": [
                "sha256:1c9457c38cfe6704de3ab7320a145bb3a25cd41f55242d53e5519bf3e676eb44",
                "sha256:e0c04b05ed45e192215c75f63c7d3262cebd68337861545679119755645e9c18"
            ],
            "version": "==0.4.0"
        },
        "azure-mgmt-msi": {
            "hashes": [
                "sha256:07ad183a91409973a088d9c6efb88aa212e8a12be1436544b1a343931072f751",
                "sha256:53eed7bc8453b764b4d568320eed032328da5b606185c216f3e93c75fa328858"
            ],
            "version": "==0.1.0"
        },
        "azure-mgmt-network": {
            "hashes": [
                "sha256:10d0266f81e5ca71c3bd85ec2c32d9b15a04c652148e3d7aa46233e72e208536",
                "sha256:ddfff3dd31c7329b26f282615b719e7030c5206e56951daae4f180957c1e5201"
            ],
            "version": "==1.7.1"
        },
        "azure-mgmt-notificationhubs": {
            "hashes": [
                "sha256:5d587f52c2fadedd66fac491c17f8c4c8f693e89f165e45b9bb9f6d1eb6a47f6",
                "sha256:fa5889ace3a900ade01ad904d04b3778c0488bb67fa9b87c7ea389e83e5d5cd4"
            ],
            "version": "==1.0.0"
        },
        "azure-mgmt-nspkg": {
            "hashes": [
                "sha256:1c6f5134de78c8907e8b73a8ceaaf1f336a24193a543039994fe002bb5f7f39f",
                "sha256:8b2287f671529505b296005e6de9150b074344c2c7d1c805b3f053d081d58c52",
                "sha256:d638ea5fda3ed323db943feb29acaa200f5d8ff092078bf8d29d4a2f8ed16999"
            ],
            "version": "==3.0.2"
        },
        "azure-mgmt-powerbiembedded": {
            "hashes": [
                "sha256:90601606b4ed1db03a1dee2110162ec545949b370579391cb5e059cbdae717a7",
                "sha256:bb04025c6c9ae314cb4279c0dcb1def43ee1057ad19caf012b0d3bcf5117e1f6"
            ],
            "version": "==1.0.0"
        },
        "azure-mgmt-rdbms": {
            "hashes": [
                "sha256:959c9c6fb4bb9f56e45e93c9d5e5d93b068f52d2c498cf57fd7eeb463a100bfa",
                "sha256:c06419399f04e2757f447731a09d232090a855369c9f975fc90ed9a8bddd0b01"
            ],
            "version": "==0.1.0"
        },
        "azure-mgmt-recoveryservices": {
            "hashes": [
                "sha256:4acba8a6279dc85f8d9951cffb1205e88f956dab53a703854a08b2af5404936a",
                "sha256:55b153ae9771bdbf718f862bbed0691fcbce1a6020db9c1c1aaf1763ea52a066"
            ],
            "version": "==0.2.0"
        },
        "azure-mgmt-recoveryservicesbackup": {
            "hashes": [
                "sha256:6a089e98ac3f1d3593a14daff116fafbcc78e2d8f65eac0ad4efb8eeaa156db1",
                "sha256:76720ddfe9b2dc9259a1ab424d9e157cc7621efdf33b471f0f03708f31c21d16"
            ],
            "version": "==0.1.2"
        },
        "azure-mgmt-redis": {
            "hashes": [
                "sha256:374a267b83ec4e71077b8afad537863fb93816c96407595cdd02973235356ded",
                "sha256:41d12cea5673b2e277ea298d85bab7d1fdbd0636ff6be08b15ee30a312c07d6d"
            ],
            "version": "==5.0.0"
        },
        "azure-mgmt-relay": {
            "hashes": [
                "sha256:1411e734573ce6166ac7a75fbfc0afb7d6b3f47a94d0b4999b6adf2709eba87c",
                "sha256:d9f987cf2998b8a354f331b2a71082c049193f1e1cd345812e14b9b821365acb"
            ],
            "version": "==0.1.0"
        },
        "azure-mgmt-reservations": {
            "hashes": [
                "sha256:73645c247b9fb2cc39d4cdab85405e55df2e8eab5a478514be0825e253660b9d",
                "sha256:a516216b5c416ad5b20e553cbd0c81f67692998eaee76f19bc943458d8b178a2"
            ],
            "version": "==0.1.0"
        },
        "azure-mgmt-resource": {
            "hashes": [
                "sha256:a506749f20b58e194a5610a5d5e36ac9d08b9361f297306e71857ae2e2f58e4b",
                "sha256:fe65dc43c8643a8c3e731783e98334258bf5dc57cf4ae063401e2b05b9d71d71"
            ],
            "version": "==1.2.2"
        },
        "azure-mgmt-scheduler": {
            "hashes": [
                "sha256:f8b164f0795cf008ffe95659ff0c011af435dd34f0924932c630c1bf7cc1d668",
                "sha256:ffd0aa675a7bfc53ce57cf335fcbccf7055b8927413c6b19af3d57d0ac2ce250"
            ],
            "version": "==1.1.3"
        },
        "azure-mgmt-search": {
            "hashes": [
                "sha256:20399e114dced423563a32fe9b8af5d8ea2cd1e1d08d6df603fbd5ce2e4dbf28",
                "sha256:41b2c6664767994af61b7af6b06cef9101848549524495e603ef51471c034974"
            ],
            "version": "==1.0.0"
        },
        "azure-mgmt-servermanager": {
            "hashes": [
                "sha256:0ac10b4481b66325db63a17397a7f1e8a8a9299a006cf89ac746338e943015f4",
                "sha256:61a05549bd2649f27c65a85b31f3a51496f89413bb525e3a6aaf7c3a4e28d8ff"
            ],
            "version": "==1.2.0"
        },
        "azure-mgmt-servicebus": {
            "hashes": [
                "sha256:7611b312f9ed77d08b45acdd2107b3cd5cd6b4d3d681f00caa7b95f18e716b77",
                "sha256:d678ec3220270dede73863db22506307638d51001c1fd97de07b0ca77210371a"
            ],
            "version": "==0.4.0"
        },
        "azure-mgmt-servicefabric": {
            "hashes": [
                "sha256:9f7789bdc221fcf81608cc5a3e64f1d59d41c453ff1567cb81197b19a2cd6373",
                "sha256:dd58e30f5abd184edf8d82af8eebbf54c37b6e4a1db2d726475bf7749e68d08b"
            ],
            "version": "==0.1.0"
        },
        "azure-mgmt-sql": {
            "hashes": [
                "sha256:6cdfe3d5c2d9660f85f9d19a20d9d79e2efd04d3369d2bf58aa99c34db6aefb2",
                "sha256:db7029a9f5fb59bd462fe13a5192fd45521130dbb32cb712ef1188ccfb669cd0"
            ],
            "version": "==0.8.6"
        },
        "azure-mgmt-storage": {
            "hashes": [
                "sha256:b1fc3a293051dee35dffe12d618f925581d6536c94ca5c05b69461ce941125a1",
                "sha256:d7a60f0675d49f70e74927814e0f1112e6482073c31a95478a55f5bb6e0691db"
            ],
            "version": "==1.5.0"
        },
        "azure-mgmt-subscription": {
            "hashes": [
                "sha256:9f0af1aa0354ed8a783b32b58396575e3627ac714c68c2061523c165d88f0e48",
                "sha256:f9cf41a7db8b55e4ec279027cad54635a0f78f9a6527fc8bcca4aef69ceb4e15"
            ],
            "version": "==0.1.0"
        },
        "azure-mgmt-trafficmanager": {
            "hashes": [
                "sha256:32cd1f5fd8d902cba5dd68f5876eadf5f98f5bef8b33319b20e6b547e7c21d68",
                "sha256:9efcc4340ef5085fba9a6f85ba0e7b26a43f6d3fada8ddef0d0299524e67884b"
            ],
            "version": "==0.40.0"
        },
        "azure-mgmt-web": {
            "hashes": [
                "sha256:6d44f248f36dafb3a8f5175060d1959fdfa267dbd4e808b0270b8bbfd2c695c1",
                "sha256:f26ded3e0ed38af5b89f89bcb16fabe2b0ef9b95fa792dfd40cab67d63e53569"
            ],
            "version": "==0.34.1"
        },
        "azure-nspkg": {
            "hashes": [
                "sha256:1d0bbb2157cf57b1bef6c8c8e5b41133957364456c43b0a43599890023cca0a8",
                "sha256:31a060caca00ed1ebd369fc7fe01a56768c927e404ebc92268f4d9d636435e28",
                "sha256:e7d3cea6af63e667d87ba1ca4f8cd7cb4dfca678e4c55fc1cedb320760e39dd0"
            ],
            "version": "==3.0.2"
        },
        "azure-servicebus": {
            "hashes": [
                "sha256:30d5beaf73eaf40aba52fdd7f7f26dd8c3e639051dc19a5f2ab5f8e7832d68f7",
                "sha256:bb6a27afc8f1ea9ab46ff2371069243d45000d351d9b64e450b63d52409b934d"
            ],
            "version": "==0.21.1"
        },
        "azure-servicefabric": {
            "hashes": [
                "sha256:22b034c9245cea556e892a9d7a998a9bab3d6d65c3673e0603f7bd9459a3c8c8",
                "sha256:90da2b282757126fdc62b67607b76c4d5a62697ef229f5c54a4ba32fe00ea378"
            ],
            "version": "==6.1.2.9"
        },
        "azure-servicemanagement-legacy": {
            "hashes": [
                "sha256:5d388b9fda83161aca617f224c9e895ce51fe6a84b7524bc000c557c025f91cd",
                "sha256:c9f80060d2ad019635035562545b9174904282017182c791a21e8017c0647bcc"
            ],
            "version": "==0.20.7"
        },
        "azure-storage-blob": {
            "hashes": [
                "sha256:6577e9ebca6fd1cf47795f88a1f0949c003fae62eeb6479a05631b765cf73b80",
                "sha256:f187a878e7a191f4e098159904f72b4146cf70e1aabaf6484ab4ba72fc6f252c"
            ],
            "version": "==1.5.0"
        },
        "azure-storage-common": {
            "hashes": [
                "sha256:4ec87c7537d457ec95252e0e46477e2c1ccf33774ffefd05d8544682cb0ae401",
                "sha256:de4817cce35a23d1c89563edc38b481ebd8da4655bdf32d26fa2b06095179e4a"
            ],
            "version": "==1.4.2"
        },
        "azure-storage-file": {
            "hashes": [
                "sha256:5217b0441b671246a8d5f506a459fa3af084eeb9297c5be3bbe95d75d23bac2f",
                "sha256:65831e66594cdda36e02f5566ea9d8a6ad35eca6691c28f1fbb49f23987752ff"
            ],
            "version": "==1.4.0"
        },
        "azure-storage-queue": {
            "hashes": [
                "sha256:0bafe9e61c0ce7b3f3ecadea21e931dab3248bd4989dc327a8666c5deae7f7ed",
                "sha256:d28e6f854ed5d719d62637c1b5c2b74d9c67584bc326de5ce41ba0af73e3a3f0"
            ],
            "version": "==1.4.0"
        },
        "bcrypt": {
            "hashes": [
                "sha256:0258f143f3de96b7c14f762c770f5fc56ccd72f8a1857a451c1cd9a655d9ac89",
                "sha256:0b0069c752ec14172c5f78208f1863d7ad6755a6fae6fe76ec2c80d13be41e42",
                "sha256:19a4b72a6ae5bb467fea018b825f0a7d917789bcfe893e53f15c92805d187294",
                "sha256:5432dd7b34107ae8ed6c10a71b4397f1c853bd39a4d6ffa7e35f40584cffd161",
                "sha256:6305557019906466fc42dbc53b46da004e72fd7a551c044a827e572c82191752",
                "sha256:69361315039878c0680be456640f8705d76cb4a3a3fe1e057e0f261b74be4b31",
                "sha256:6fe49a60b25b584e2f4ef175b29d3a83ba63b3a4df1b4c0605b826668d1b6be5",
                "sha256:74a015102e877d0ccd02cdeaa18b32aa7273746914a6c5d0456dd442cb65b99c",
                "sha256:763669a367869786bb4c8fcf731f4175775a5b43f070f50f46f0b59da45375d0",
                "sha256:8b10acde4e1919d6015e1df86d4c217d3b5b01bb7744c36113ea43d529e1c3de",
                "sha256:9fe92406c857409b70a38729dbdf6578caf9228de0aef5bc44f859ffe971a39e",
                "sha256:a190f2a5dbbdbff4b74e3103cef44344bc30e61255beb27310e2aec407766052",
                "sha256:a595c12c618119255c90deb4b046e1ca3bcfad64667c43d1166f2b04bc72db09",
                "sha256:c9457fa5c121e94a58d6505cadca8bed1c64444b83b3204928a866ca2e599105",
                "sha256:cb93f6b2ab0f6853550b74e051d297c27a638719753eb9ff66d1e4072be67133",
                "sha256:ce4e4f0deb51d38b1611a27f330426154f2980e66582dc5f438aad38b5f24fc1",
                "sha256:d7bdc26475679dd073ba0ed2766445bb5b20ca4793ca0db32b399dccc6bc84b7",
                "sha256:ff032765bb8716d9387fd5376d987a937254b0619eff0972779515b5c98820bc"
            ],
            "version": "==3.1.7"
        },
        "cachetools": {
            "hashes": [
                "sha256:1d057645db16ca7fe1f3bd953558897603d6f0b9c51ed9d11eb4d071ec4e2aab",
                "sha256:de5d88f87781602201cde465d3afe837546663b168e8b39df67411b0bf10cefc"
            ],
            "version": "==4.1.0"
        },
        "certifi": {
            "hashes": [
                "sha256:1d987a998c75633c40847cc966fcf5904906c920a7f17ef374f5aa4282abd304",
                "sha256:51fcb31174be6e6664c5f69e3e1691a2d72a1a12e90f872cbdb1567eb47b6519"
            ],
            "version": "==2020.4.5.1"
        },
        "cffi": {
            "hashes": [
                "sha256:001bf3242a1bb04d985d63e138230802c6c8d4db3668fb545fb5005ddf5bb5ff",
                "sha256:00789914be39dffba161cfc5be31b55775de5ba2235fe49aa28c148236c4e06b",
                "sha256:028a579fc9aed3af38f4892bdcc7390508adabc30c6af4a6e4f611b0c680e6ac",
                "sha256:14491a910663bf9f13ddf2bc8f60562d6bc5315c1f09c704937ef17293fb85b0",
                "sha256:1cae98a7054b5c9391eb3249b86e0e99ab1e02bb0cc0575da191aedadbdf4384",
                "sha256:2089ed025da3919d2e75a4d963d008330c96751127dd6f73c8dc0c65041b4c26",
                "sha256:2d384f4a127a15ba701207f7639d94106693b6cd64173d6c8988e2c25f3ac2b6",
                "sha256:337d448e5a725bba2d8293c48d9353fc68d0e9e4088d62a9571def317797522b",
                "sha256:399aed636c7d3749bbed55bc907c3288cb43c65c4389964ad5ff849b6370603e",
                "sha256:3b911c2dbd4f423b4c4fcca138cadde747abdb20d196c4a48708b8a2d32b16dd",
                "sha256:3d311bcc4a41408cf5854f06ef2c5cab88f9fded37a3b95936c9879c1640d4c2",
                "sha256:62ae9af2d069ea2698bf536dcfe1e4eed9090211dbaafeeedf5cb6c41b352f66",
                "sha256:66e41db66b47d0d8672d8ed2708ba91b2f2524ece3dee48b5dfb36be8c2f21dc",
                "sha256:675686925a9fb403edba0114db74e741d8181683dcf216be697d208857e04ca8",
                "sha256:7e63cbcf2429a8dbfe48dcc2322d5f2220b77b2e17b7ba023d6166d84655da55",
                "sha256:8a6c688fefb4e1cd56feb6c511984a6c4f7ec7d2a1ff31a10254f3c817054ae4",
                "sha256:8c0ffc886aea5df6a1762d0019e9cb05f825d0eec1f520c51be9d198701daee5",
                "sha256:95cd16d3dee553f882540c1ffe331d085c9e629499ceadfbda4d4fde635f4b7d",
                "sha256:99f748a7e71ff382613b4e1acc0ac83bf7ad167fb3802e35e90d9763daba4d78",
                "sha256:b8c78301cefcf5fd914aad35d3c04c2b21ce8629b5e4f4e45ae6812e461910fa",
                "sha256:c420917b188a5582a56d8b93bdd8e0f6eca08c84ff623a4c16e809152cd35793",
                "sha256:c43866529f2f06fe0edc6246eb4faa34f03fe88b64a0a9a942561c8e22f4b71f",
                "sha256:cab50b8c2250b46fe738c77dbd25ce017d5e6fb35d3407606e7a4180656a5a6a",
                "sha256:cef128cb4d5e0b3493f058f10ce32365972c554572ff821e175dbc6f8ff6924f",
                "sha256:cf16e3cf6c0a5fdd9bc10c21687e19d29ad1fe863372b5543deaec1039581a30",
                "sha256:e56c744aa6ff427a607763346e4170629caf7e48ead6921745986db3692f987f",
                "sha256:e577934fc5f8779c554639376beeaa5657d54349096ef24abe8c74c5d9c117c3",
                "sha256:f2b0fa0c01d8a0c7483afd9f31d7ecf2d71760ca24499c8697aeb5ca37dc090c"
            ],
            "version": "==1.14.0"
        },
        "chardet": {
            "hashes": [
                "sha256:84ab92ed1c4d4f16916e05906b6b75a6c0fb5db821cc65e70cbd64a3e2a5eaae",
                "sha256:fc323ffcaeaed0e0a02bf4d117757b98aed530d9ed4531e3e15460124c106691"
            ],
            "version": "==3.0.4"
        },
        "colorama": {
            "hashes": [
                "sha256:7d73d2a99753107a36ac6b455ee49046802e59d9d076ef8e47b61499fa29afff",
                "sha256:e96da0d330793e2cb9485e9ddfd918d456036c7149416295932478192f4436a1"
            ],
            "version": "==0.4.3"
        },
        "cryptography": {
            "hashes": [
                "sha256:091d31c42f444c6f519485ed528d8b451d1a0c7bf30e8ca583a0cac44b8a0df6",
                "sha256:18452582a3c85b96014b45686af264563e3e5d99d226589f057ace56196ec78b",
                "sha256:1dfa985f62b137909496e7fc182dac687206d8d089dd03eaeb28ae16eec8e7d5",
                "sha256:1e4014639d3d73fbc5ceff206049c5a9a849cefd106a49fa7aaaa25cc0ce35cf",
                "sha256:22e91636a51170df0ae4dcbd250d318fd28c9f491c4e50b625a49964b24fe46e",
                "sha256:3b3eba865ea2754738616f87292b7f29448aec342a7c720956f8083d252bf28b",
                "sha256:651448cd2e3a6bc2bb76c3663785133c40d5e1a8c1a9c5429e4354201c6024ae",
                "sha256:726086c17f94747cedbee6efa77e99ae170caebeb1116353c6cf0ab67ea6829b",
                "sha256:844a76bc04472e5135b909da6aed84360f522ff5dfa47f93e3dd2a0b84a89fa0",
                "sha256:88c881dd5a147e08d1bdcf2315c04972381d026cdb803325c03fe2b4a8ed858b",
                "sha256:96c080ae7118c10fcbe6229ab43eb8b090fccd31a09ef55f83f690d1ef619a1d",
                "sha256:a0c30272fb4ddda5f5ffc1089d7405b7a71b0b0f51993cb4e5dbb4590b2fc229",
                "sha256:bb1f0281887d89617b4c68e8db9a2c42b9efebf2702a3c5bf70599421a8623e3",
                "sha256:c447cf087cf2dbddc1add6987bbe2f767ed5317adb2d08af940db517dd704365",
                "sha256:c4fd17d92e9d55b84707f4fd09992081ba872d1a0c610c109c18e062e06a2e55",
                "sha256:d0d5aeaedd29be304848f1c5059074a740fa9f6f26b84c5b63e8b29e73dfc270",
                "sha256:daf54a4b07d67ad437ff239c8a4080cfd1cc7213df57d33c97de7b4738048d5e",
                "sha256:e993468c859d084d5579e2ebee101de8f5a27ce8e2159959b6673b418fd8c785",
                "sha256:f118a95c7480f5be0df8afeb9a11bd199aa20afab7a96bcf20409b411a3a85f0"
            ],
            "version": "==2.9.2"
        },
        "google-api-python-client": {
            "hashes": [
                "sha256:876b974612c6d9b5de348079b706500bd170e7fdab30b9a4b72758d129cd64dc",
                "sha256:e32d30563b90c4f88ff042d4d891b5e8ed1f6cdca0adab95e9c2ce2603087436"
            ],
            "index": "pypi",
            "version": "==1.7.3"
        },
        "google-auth": {
            "hashes": [
                "sha256:73b141d122942afe12e8bfdcb6900d5df35c27d39700f078363ba0b1298ad33b",
                "sha256:fbf25fee328c0828ef293459d9c649ef84ee44c0b932bb999d19df0ead1b40cf"
            ],
            "version": "==1.15.0"
        },
        "google-auth-httplib2": {
            "hashes": [
                "sha256:098fade613c25b4527b2c08fa42d11f3c2037dda8995d86de0745228e965d445",
                "sha256:f1c437842155680cf9918df9bc51c1182fda41feef88c34004bd1978c8157e08"
            ],
            "version": "==0.0.3"
        },
        "google-auth-oauthlib": {
            "hashes": [
                "sha256:226d1d0960f86ba5d9efd426a70b291eaba96f47d071657e0254ea969025728a",
                "sha256:81ba22acada4d13b1d83f9371ab19fd61f1250a542d21cf49e4dcf0637a7344a"
            ],
            "index": "pypi",
            "version": "==0.2.0"
        },
        "httplib2": {
            "hashes": [
                "sha256:4f6988e6399a2546b525a037d56da34aed4d149bbdc0e78523018d5606c26e74",
                "sha256:b0e1f3ed76c97380fe2485bc47f25235453b40ef33ca5921bb2897e257a49c4c"
            ],
            "index": "pypi",
            "version": "==0.18.0"
        },
        "humanfriendly": {
            "hashes": [
                "sha256:bf52ec91244819c780341a3438d5d7b09f431d3f113a475147ac9b7b167a3d12",
                "sha256:e78960b31198511f45fd455534ae7645a6207d33e512d2e842c766d15d9c8080"
            ],
            "version": "==8.2"
        },
        "idna": {
            "hashes": [
                "sha256:7588d1c14ae4c77d74036e8c22ff447b26d0fde8f007354fd48a7814db15b7cb",
                "sha256:a068a21ceac8a4d63dbfd964670474107f541babbd2250d61922f029858365fa"
            ],
            "version": "==2.9"
        },
        "isodate": {
            "hashes": [
                "sha256:2e364a3d5759479cdb2d37cce6b9376ea504db2ff90252a2e5b7cc89cc9ff2d8",
                "sha256:aa4d33c06640f5352aca96e4b81afd8ab3b47337cc12089822d6f322ac772c81"
            ],
            "version": "==0.6.0"
        },
        "jeepney": {
            "hashes": [
                "sha256:3479b861cc2b6407de5188695fa1a8d57e5072d7059322469b62628869b8e36e",
                "sha256:d6c6b49683446d2407d2fe3acb7a368a77ff063f9182fe427da15d622adc24cf"
            ],
            "markers": "sys_platform == 'linux'",
            "version": "==0.4.3"
        },
        "jmespath": {
            "hashes": [
                "sha256:b85d0567b8666149a93172712e68920734333c0ce7e89b78b3e987f71e5ed4f9",
                "sha256:cdf6525904cc597730141d61b36f2e4b8ecc257c420fa2f4549bac2c2d0cb72f"
            ],
            "version": "==0.10.0"
        },
        "keyring": {
            "hashes": [
                "sha256:3401234209015144a5d75701e71cb47239e552b0882313e9f51e8976f9e27843",
                "sha256:c53e0e5ccde3ad34284a40ce7976b5b3a3d6de70344c3f8ee44364cc340976ec"
            ],
            "version": "==21.2.1"
        },
        "knack": {
            "hashes": [
                "sha256:0b74c7eed73dc799a5d4afab6ffae15bd793abc31bd9efa6b01475245400b8d2",
                "sha256:dd2d3c4756975d6bdbbc65a25c067245350eec81547dac93a5c96a80a9f949f0"
            ],
            "version": "==0.3.3"
        },
        "msrest": {
            "hashes": [
                "sha256:f52f880a2145c075f436083ee9a274ddc54c62181e4c41c9ac11520fbae547e5",
                "sha256:f54a60084969656faa2755bfa5f614951b07a870e97dfc8f0b0b8ea94a63b5b5"
            ],
            "version": "==0.6.14"
        },
        "msrestazure": {
            "hashes": [
                "sha256:4fc94a03ecd5b094ab904d929cc5be7a6a80262eab93948260cfe9081a9e6de4",
                "sha256:89ec2d41bbcf9e38d12b61f923c2903059e87da2a8f1f6ac841bff85846b529e"
            ],
            "version": "==0.4.34"
        },
        "oauthlib": {
            "hashes": [
                "sha256:bee41cc35fcca6e988463cacc3bcb8a96224f470ca547e697b604cc697b2f889",
                "sha256:df884cd6cbe20e32633f1db1072e9356f53638e4361bef4e8b03c9127c9328ea"
            ],
            "version": "==3.1.0"
        },
        "paramiko": {
            "hashes": [
                "sha256:920492895db8013f6cc0179293147f830b8c7b21fdfc839b6bad760c27459d9f",
                "sha256:9c980875fa4d2cb751604664e9a2d0f69096643f5be4db1b99599fe114a97b2f"
            ],
            "version": "==2.7.1"
        },
        "pyasn1": {
            "hashes": [
                "sha256:39c7e2ec30515947ff4e87fb6f456dfc6e84857d34be479c9d4a4ba4bf46aa5d",
                "sha256:aef77c9fb94a3ac588e87841208bdec464471d9871bd5050a287cc9a475cd0ba"
            ],
            "version": "==0.4.8"
        },
        "pyasn1-modules": {
            "hashes": [
                "sha256:905f84c712230b2c592c19470d3ca8d552de726050d1d1716282a1f6146be65e",
                "sha256:a50b808ffeb97cb3601dd25981f6b016cbb3d31fbf57a8b8a87428e6158d0c74"
            ],
            "version": "==0.2.8"
        },
        "pycparser": {
            "hashes": [
                "sha256:2d475327684562c3a96cc71adf7dc8c4f0565175cf86b6d7a404ff4c771f15f0",
                "sha256:7582ad22678f0fcd81102833f60ef8d0e57288b6b5fb00323d101be910e35705"
            ],
            "version": "==2.20"
        },
        "pygments": {
            "hashes": [
                "sha256:647344a061c249a3b74e230c739f434d7ea4d8b1d5f3721bc0f3558049b38f44",
                "sha256:ff7a40b4860b727ab48fad6360eb351cc1b33cbf9b15a0f689ca5353e9463324"
            ],
            "version": "==2.6.1"
        },
        "pyjwt": {
            "hashes": [
                "sha256:5c6eca3c2940464d106b99ba83b00c6add741c9becaec087fb7ccdefea71350e",
                "sha256:8d59a976fb773f3e6a39c85636357c4f0e242707394cadadd9814f5cbaa20e96"
            ],
            "version": "==1.7.1"
        },
        "pynacl": {
            "hashes": [
                "sha256:05c26f93964373fc0abe332676cb6735f0ecad27711035b9472751faa8521255",
                "sha256:0c6100edd16fefd1557da078c7a31e7b7d7a52ce39fdca2bec29d4f7b6e7600c",
                "sha256:0d0a8171a68edf51add1e73d2159c4bc19fc0718e79dec51166e940856c2f28e",
                "sha256:1c780712b206317a746ace34c209b8c29dbfd841dfbc02aa27f2084dd3db77ae",
                "sha256:2424c8b9f41aa65bbdbd7a64e73a7450ebb4aa9ddedc6a081e7afcc4c97f7621",
                "sha256:2d23c04e8d709444220557ae48ed01f3f1086439f12dbf11976e849a4926db56",
                "sha256:30f36a9c70450c7878053fa1344aca0145fd47d845270b43a7ee9192a051bf39",
                "sha256:37aa336a317209f1bb099ad177fef0da45be36a2aa664507c5d72015f956c310",
                "sha256:4943decfc5b905748f0756fdd99d4f9498d7064815c4cf3643820c9028b711d1",
                "sha256:53126cd91356342dcae7e209f840212a58dcf1177ad52c1d938d428eebc9fee5",
                "sha256:57ef38a65056e7800859e5ba9e6091053cd06e1038983016effaffe0efcd594a",
                "sha256:5bd61e9b44c543016ce1f6aef48606280e45f892a928ca7068fba30021e9b786",
                "sha256:6482d3017a0c0327a49dddc8bd1074cc730d45db2ccb09c3bac1f8f32d1eb61b",
                "sha256:7d3ce02c0784b7cbcc771a2da6ea51f87e8716004512493a2b69016326301c3b",
                "sha256:a14e499c0f5955dcc3991f785f3f8e2130ed504fa3a7f44009ff458ad6bdd17f",
                "sha256:a39f54ccbcd2757d1d63b0ec00a00980c0b382c62865b61a505163943624ab20",
                "sha256:aabb0c5232910a20eec8563503c153a8e78bbf5459490c49ab31f6adf3f3a415",
                "sha256:bd4ecb473a96ad0f90c20acba4f0bf0df91a4e03a1f4dd6a4bdc9ca75aa3a715",
                "sha256:bf459128feb543cfca16a95f8da31e2e65e4c5257d2f3dfa8c0c1031139c9c92",
                "sha256:e2da3c13307eac601f3de04887624939aca8ee3c9488a0bb0eca4fb9401fc6b1",
                "sha256:f67814c38162f4deb31f68d590771a29d5ae3b1bd64b75cf232308e5c74777e0"
            ],
            "version": "==1.3.0"
        },
        "pyopenssl": {
            "hashes": [
                "sha256:621880965a720b8ece2f1b2f54ea2071966ab00e2970ad2ce11d596102063504",
                "sha256:9a24494b2602aaf402be5c9e30a0b82d4a5c67528fe8fb475e3f3bc00dd69507"
            ],
            "version": "==19.1.0"
        },
        "python-dateutil": {
            "hashes": [
                "sha256:73ebfe9dbf22e832286dafa60473e4cd239f8592f699aa5adaf10050e6e1823c",
                "sha256:75bb3f31ea686f1197762692a9ee6a7550b59fc6ca3a1f4b5d7e32fb98e2da2a"
            ],
            "version": "==2.8.1"
        },
        "pyyaml": {
            "hashes": [
                "sha256:06a0d7ba600ce0b2d2fe2e78453a470b5a6e000a985dd4a4e54e436cc36b0e97",
                "sha256:240097ff019d7c70a4922b6869d8a86407758333f02203e0fc6ff79c5dcede76",
                "sha256:4f4b913ca1a7319b33cfb1369e91e50354d6f07a135f3b901aca02aa95940bd2",
                "sha256:69f00dca373f240f842b2931fb2c7e14ddbacd1397d57157a9b005a6a9942648",
                "sha256:73f099454b799e05e5ab51423c7bcf361c58d3206fa7b0d555426b1f4d9a3eaf",
                "sha256:74809a57b329d6cc0fdccee6318f44b9b8649961fa73144a98735b0aaf029f1f",
                "sha256:7739fc0fa8205b3ee8808aea45e968bc90082c10aef6ea95e855e10abf4a37b2",
                "sha256:95f71d2af0ff4227885f7a6605c37fd53d3a106fcab511b8860ecca9fcf400ee",
                "sha256:b8eac752c5e14d3eca0e6dd9199cd627518cb5ec06add0de9d32baeee6fe645d",
                "sha256:cc8955cfbfc7a115fa81d85284ee61147059a753344bc51098f3ccd69b0d7e0c",
                "sha256:d13155f591e6fcc1ec3b30685d50bf0711574e2c0dfffd7644babf8b5102ca1a"
            ],
            "version": "==5.3.1"
        },
        "requests": {
            "hashes": [
                "sha256:43999036bfa82904b6af1d99e4882b560e5e2c68e5c4b0aa03b655f3d7d73fee",
                "sha256:b3f43d496c6daba4493e7c431722aeb7dbc6288f52a6e04e7b6023b0247817e6"
            ],
            "version": "==2.23.0"
        },
        "requests-oauthlib": {
            "hashes": [
                "sha256:7f71572defaecd16372f9006f33c2ec8c077c3cfa6f5911a9a90202beb513f3d",
                "sha256:b4261601a71fd721a8bd6d7aa1cc1d6a8a93b4a9f5e96626f8e4d91e8beeaa6a"
            ],
            "version": "==1.3.0"
        },
        "rsa": {
            "hashes": [
                "sha256:14ba45700ff1ec9eeb206a2ce76b32814958a98e372006c8fb76ba820211be66",
                "sha256:1a836406405730121ae9823e19c6e806c62bbad73f890574fff50efa4122c487"
            ],
            "version": "==4.0"
        },
        "secretstorage": {
            "hashes": [
                "sha256:15da8a989b65498e29be338b3b279965f1b8f09b9668bd8010da183024c8bff6",
                "sha256:b5ec909dde94d4ae2fa26af7c089036997030f0cf0a5cb372b4cccabd81c143b"
            ],
            "markers": "sys_platform == 'linux'",
            "version": "==3.1.2"
        },
        "six": {
            "hashes": [
                "sha256:236bdbdce46e6e6a3d61a337c0f8b763ca1e8717c03b369e87a7ec7ce1319c0a",
                "sha256:8f3cd2e254d8f793e7f3d6d9df77b92252b52637291d0f0da013c76ea2724b6c"
            ],
            "version": "==1.14.0"
        },
        "tabulate": {
            "hashes": [
                "sha256:e4ca13f26d0a6be2a2915428dc21e732f1e44dad7f76d7030b2ef1ec251cf7f2"
            ],
            "version": "==0.8.2"
        },
        "uritemplate": {
            "hashes": [
                "sha256:07620c3f3f8eed1f12600845892b0e036a2420acf513c53f7de0abd911a5894f",
                "sha256:5af8ad10cec94f215e3f48112de2022e1d5a37ed427fbd88652fa908f2ab7cae"
            ],
            "version": "==3.0.1"
        },
        "urllib3": {
            "hashes": [
                "sha256:3018294ebefce6572a474f0604c2021e33b3fd8006ecd11d62107a5d2a963527",
                "sha256:88206b0eb87e6d677d424843ac5209e3fb9d0190d0ee169599165ec25e9d9115"
            ],
            "version": "==1.25.9"
        },
        "wheel": {
            "hashes": [
                "sha256:9515fe0a94e823fd90b08d22de45d7bde57c90edce705b22f5e1ecf7e1b653c8",
                "sha256:e721e53864f084f956f40f96124a74da0631ac13fbbd1ba99e8e2b5e9cafdf64"
            ],
            "version": "==0.30.0"
        }
    },
    "develop": {}
}
